
Microsoft Visual Studio Solution File, Format Version 12.00
# Visual Studio Version 16
VisualStudioVersion = 16.0.31410.357
MinimumVisualStudioVersion = 10.0.40219.1
Project("{FAE04EC0-301F-11D3-BF4B-00C04F79EFBC}") = "LAB03", "LAB03\LAB03.csproj", "{181AA3E8-6930-434F-9DA3-EAD3F262E355}"
EndProject
Global
	GlobalSection(SolutionConfigurationPlatforms) = preSolution
		Debug|Any CPU = Debug|Any CPU
		Release|Any CPU = Release|Any CPU
	EndGlobalSection
	GlobalSection(ProjectConfigurationPlatforms) = postSolution
		{181AA3E8-6930-434F-9DA3-EAD3F262E355}.Debug|Any CPU.ActiveCfg = Debug|Any CPU
		{181AA3E8-6930-434F-9DA3-EAD3F262E355}.Debug|Any CPU.Build.0 = Debug|Any CPU
		{181AA3E8-6930-434F-9DA3-EAD3F262E355}.Release|Any CPU.ActiveCfg = Release|Any CPU
		{181AA3E8-6930-434F-9DA3-EAD3F262E355}.Release|Any CPU.Build.0 = Release|Any CPU
	EndGlobalSection
	GlobalSection(SolutionProperties) = preSolution
		HideSolutionNode = FALSE
	EndGlobalSection
	GlobalSection(ExtensibilityGlobals) = postSolution
		SolutionGuid = {3BB5E0DE-7B5C-4B6B-A36B-315DCA2F72BC}
	EndGlobalSection
EndGlobal
